
Microsoft Visual Studio Solution File, Format Version 12.00
# Visual Studio Version 17
VisualStudioVersion = 17.5.33627.172
MinimumVisualStudioVersion = 10.0.40219.1
Project("{FAE04EC0-301F-11D3-BF4B-00C04F79EFBC}") = "RGRv5", "RGRv5\RGRv5.csproj", "{0B9A51CC-B096-4BE8-958D-DDCF0FBF074F}"
EndProject
Global
	GlobalSection(SolutionConfigurationPlatforms) = preSolution
		Debug|Any CPU = Debug|Any CPU
		Release|Any CPU = Release|Any CPU
	EndGlobalSection
	GlobalSection(ProjectConfigurationPlatforms) = postSolution
		{0B9A51CC-B096-4BE8-958D-DDCF0FBF074F}.Debug|Any CPU.ActiveCfg = Debug|Any CPU
		{0B9A51CC-B096-4BE8-958D-DDCF0FBF074F}.Debug|Any CPU.Build.0 = Debug|Any CPU
		{0B9A51CC-B096-4BE8-958D-DDCF0FBF074F}.Release|Any CPU.ActiveCfg = Release|Any CPU
		{0B9A51CC-B096-4BE8-958D-DDCF0FBF074F}.Release|Any CPU.Build.0 = Release|Any CPU
	EndGlobalSection
	GlobalSection(SolutionProperties) = preSolution
		HideSolutionNode = FALSE
	EndGlobalSection
	GlobalSection(ExtensibilityGlobals) = postSolution
		SolutionGuid = {6646381B-B97C-44D6-9898-2C93605F1CCC}
	EndGlobalSection
EndGlobal
